# THIS IS AN AUTOGENERATED FILE. DO NOT EDIT THIS FILE DIRECTLY.
# yarn lockfile v1


"@excalidraw/eslint-config@1.0.0":
  version "1.0.0"
  resolved "https://registry.yarnpkg.com/@excalidraw/eslint-config/-/eslint-config-1.0.0.tgz#1cc527a88cfe20fd730496c1b631c3aecf9c825e"
  integrity sha512-5SQFsQXO4vzny7OFSJr/DDPr1Mzeh6w0uwmZ0Fk2qjBcS5nhPtnx5KOTRPmpc6Hf5Ao57WK/MKI4lhCzw66V/A==

"@excalidraw/prettier-config@1.0.2":
  version "1.0.2"
  resolved "https://registry.yarnpkg.com/@excalidraw/prettier-config/-/prettier-config-1.0.2.tgz#b7c061c99cee2f78b9ca470ea1fbd602683bba65"
  integrity sha512-rFIq8+A8WvkEzBsF++Rw6gzxE+hU3ZNkdg8foI+Upz2y/rOC/gUpWJaggPbCkoH3nlREVU59axQjZ1+F6ePRGg==

eslint-config-prettier@8.3.0:
  version "8.3.0"
  resolved "https://registry.yarnpkg.com/eslint-config-prettier/-/eslint-config-prettier-8.3.0.tgz#f7471b20b6fe8a9a9254cc684454202886a2dd7a"
  integrity sha512-BgZuLUSeKzvlL/VUjx/Yb787VQ26RU3gGjA3iiFvdsp/2bMfVIWUVP7tjxtjS0e+HP409cPlPvNkQloz8C91ew==

eslint-plugin-prettier@3.3.1:
  version "3.3.1"
  resolved "https://registry.yarnpkg.com/eslint-plugin-prettier/-/eslint-plugin-prettier-3.3.1.tgz#7079cfa2497078905011e6f82e8dd8453d1371b7"
  integrity sha512-Rq3jkcFY8RYeQLgk2cCwuc0P7SEFwDravPhsJZOQ5N4YI4DSg50NyqJ/9gdZHzQlHf8MvafSesbNJCcP/FF6pQ==
  dependencies:
    prettier-linter-helpers "^1.0.0"

fast-diff@^1.1.2:
  version "1.2.0"
  resolved "https://registry.yarnpkg.com/fast-diff/-/fast-diff-1.2.0.tgz#73ee11982d86caaf7959828d519cfe927fac5f03"
  integrity sha512-xJuoT5+L99XlZ8twedaRf6Ax2TgQVxvgZOYoPKqZufmJib0tL2tegPBOZb1pVNgIhlqDlA0eO0c3wBvQcmzx4w==

prettier-linter-helpers@^1.0.0:
  version "1.0.0"
  resolved "https://registry.yarnpkg.com/prettier-linter-helpers/-/prettier-linter-helpers-1.0.0.tgz#d23d41fe1375646de2d0104d3454a3008802cf7b"
  integrity sha512-GbK2cP9nraSSUF9N2XwUwqfzlAFlMNYYl+ShE/V+H8a9uNl/oUqB1w2EL54Jh0OlyRSd8RfWYJ3coVS4TROP2w==
  dependencies:
    fast-diff "^1.1.2"

prettier@^2.3.1:
  version "2.3.1"
  resolved "https://registry.yarnpkg.com/prettier/-/prettier-2.3.1.tgz#76903c3f8c4449bc9ac597acefa24dc5ad4cbea6"
  integrity sha512-p+vNbgpLjif/+D+DwAZAbndtRrR0md0MwfmOVN9N+2RgyACMT+7tfaRnT+WDPkqnuVwleyuBIG2XBxKDme3hPA==
